// !$*UTF8*$!
{
	archiveVersion = 1;
	classes = {
	};
	objectVersion = 50;
	objects = {

/* Begin PBXBuildFile section */
		F50A4F91270C2D5A0004AF93 /* AppDelegate.swift in Sources */ = {isa = PBXBuildFile; fileRef = F50A4F90270C2D5A0004AF93 /* AppDelegate.swift */; };
		F50A4F9A270C2D5D0004AF93 /* Assets.xcassets in Resources */ = {isa = PBXBuildFile; fileRef = F50A4F99270C2D5D0004AF93 /* Assets.xcassets */; };
		F50A4F9D270C2D5D0004AF93 /* LaunchScreen.storyboard in Resources */ = {isa = PBXBuildFile; fileRef = F50A4F9B270C2D5D0004AF93 /* LaunchScreen.storyboard */; };
		F50A4FB3270C3F8A0004AF93 /* DefaultService.swift in Sources */ = {isa = PBXBuildFile; fileRef = F50A4FB1270C3F8A0004AF93 /* DefaultService.swift */; };
		F50A4FB5270C4EA70004AF93 /* SearchService.swift in Sources */ = {isa = PBXBuildFile; fileRef = F50A4FB4270C4EA70004AF93 /* SearchService.swift */; };
		F50A4FB7270C50030004AF93 /* ServiceModel.swift in Sources */ = {isa = PBXBuildFile; fileRef = F50A4FB6270C50030004AF93 /* ServiceModel.swift */; };
		F50A4FD5270D534F0004AF93 /* MainViewController.swift in Sources */ = {isa = PBXBuildFile; fileRef = F50A4FC8270D534F0004AF93 /* MainViewController.swift */; };
		F50A4FD6270D534F0004AF93 /* Main.storyboard in Resources */ = {isa = PBXBuildFile; fileRef = F50A4FC9270D534F0004AF93 /* Main.storyboard */; };
		F50A4FD7270D534F0004AF93 /* MainRouter.swift in Sources */ = {isa = PBXBuildFile; fileRef = F50A4FCB270D534F0004AF93 /* MainRouter.swift */; };
		F50A4FD8270D534F0004AF93 /* MainViewModel.swift in Sources */ = {isa = PBXBuildFile; fileRef = F50A4FCC270D534F0004AF93 /* MainViewModel.swift */; };
		F50A4FD9270D534F0004AF93 /* ListTableViewCell.swift in Sources */ = {isa = PBXBuildFile; fileRef = F50A4FCE270D534F0004AF93 /* ListTableViewCell.swift */; };
		F50A4FDA270D534F0004AF93 /* ListTableViewCell.xib in Resources */ = {isa = PBXBuildFile; fileRef = F50A4FCF270D534F0004AF93 /* ListTableViewCell.xib */; };
		F50A4FDB270D534F0004AF93 /* MainModel.swift in Sources */ = {isa = PBXBuildFile; fileRef = F50A4FD0270D534F0004AF93 /* MainModel.swift */; };
		F50A4FDC270D534F0004AF93 /* Web.storyboard in Resources */ = {isa = PBXBuildFile; fileRef = F50A4FD2270D534F0004AF93 /* Web.storyboard */; };
		F50A4FDD270D534F0004AF93 /* WebViewController.swift in Sources */ = {isa = PBXBuildFile; fileRef = F50A4FD3270D534F0004AF93 /* WebViewController.swift */; };
		F50A4FDE270D534F0004AF93 /* WebViewModel.swift in Sources */ = {isa = PBXBuildFile; fileRef = F50A4FD4270D534F0004AF93 /* WebViewModel.swift */; };
/* End PBXBuildFile section */

/* Begin PBXFileReference section */
		F50A4F8D270C2D5A0004AF93 /* Repositories.app */ = {isa = PBXFileReference; explicitFileType = wrapper.application; includeInIndex = 0; path = Repositories.app; sourceTree = BUILT_PRODUCTS_DIR; };
		F50A4F90270C2D5A0004AF93 /* AppDelegate.swift */ = {isa = PBXFileReference; lastKnownFileType = sourcecode.swift; path = AppDelegate.swift; sourceTree = "<group>"; };
		F50A4F99270C2D5D0004AF93 /* Assets.xcassets */ = {isa = PBXFileReference; lastKnownFileType = folder.assetcatalog; path = Assets.xcassets; sourceTree = "<group>"; };
		F50A4F9C270C2D5D0004AF93 /* Base */ = {isa = PBXFileReference; lastKnownFileType = file.storyboard; name = Base; path = Base.lproj/LaunchScreen.storyboard; sourceTree = "<group>"; };
		F50A4F9E270C2D5E0004AF93 /* Info.plist */ = {isa = PBXFileReference; lastKnownFileType = text.plist.xml; path = Info.plist; sourceTree = "<group>"; };
		F50A4FB1270C3F8A0004AF93 /* DefaultService.swift */ = {isa = PBXFileReference; fileEncoding = 4; lastKnownFileType = sourcecode.swift; path = DefaultService.swift; sourceTree = "<group>"; };
		F50A4FB4270C4EA70004AF93 /* SearchService.swift */ = {isa = PBXFileReference; lastKnownFileType = sourcecode.swift; path = SearchService.swift; sourceTree = "<group>"; };
		F50A4FB6270C50030004AF93 /* ServiceModel.swift */ = {isa = PBXFileReference; lastKnownFileType = sourcecode.swift; path = ServiceModel.swift; sourceTree = "<group>"; };
		F50A4FC8270D534F0004AF93 /* MainViewController.swift */ = {isa = PBXFileReference; fileEncoding = 4; lastKnownFileType = sourcecode.swift; path = MainViewController.swift; sourceTree = "<group>"; };
		F50A4FCA270D534F0004AF93 /* Base */ = {isa = PBXFileReference; lastKnownFileType = file.storyboard; name = Base; path = Base.lproj/Main.storyboard; sourceTree = "<group>"; };
		F50A4FCB270D534F0004AF93 /* MainRouter.swift */ = {isa = PBXFileReference; fileEncoding = 4; lastKnownFileType = sourcecode.swift; path = MainRouter.swift; sourceTree = "<group>"; };
		F50A4FCC270D534F0004AF93 /* MainViewModel.swift */ = {isa = PBXFileReference; fileEncoding = 4; lastKnownFileType = sourcecode.swift; path = MainViewModel.swift; sourceTree = "<group>"; };
		F50A4FCE270D534F0004AF93 /* ListTableViewCell.swift */ = {isa = PBXFileReference; fileEncoding = 4; lastKnownFileType = sourcecode.swift; path = ListTableViewCell.swift; sourceTree = "<group>"; };
		F50A4FCF270D534F0004AF93 /* ListTableViewCell.xib */ = {isa = PBXFileReference; fileEncoding = 4; lastKnownFileType = file.xib; path = ListTableViewCell.xib; sourceTree = "<group>"; };
		F50A4FD0270D534F0004AF93 /* MainModel.swift */ = {isa = PBXFileReference; fileEncoding = 4; lastKnownFileType = sourcecode.swift; path = MainModel.swift; sourceTree = "<group>"; };
		F50A4FD2270D534F0004AF93 /* Web.storyboard */ = {isa = PBXFileReference; fileEncoding = 4; lastKnownFileType = file.storyboard; path = Web.storyboard; sourceTree = "<group>"; };
		F50A4FD3270D534F0004AF93 /* WebViewController.swift */ = {isa = PBXFileReference; fileEncoding = 4; lastKnownFileType = sourcecode.swift; path = WebViewController.swift; sourceTree = "<group>"; };
		F50A4FD4270D534F0004AF93 /* WebViewModel.swift */ = {isa = PBXFileReference; fileEncoding = 4; lastKnownFileType = sourcecode.swift; path = WebViewModel.swift; sourceTree = "<group>"; };
/* End PBXFileReference section */

/* Begin PBXFrameworksBuildPhase section */
		F50A4F8A270C2D5A0004AF93 /* Frameworks */ = {
			isa = PBXFrameworksBuildPhase;
			buildActionMask = 2147483647;
			files = (
			);
			runOnlyForDeploymentPostprocessing = 0;
		};
/* End PBXFrameworksBuildPhase section */

/* Begin PBXGroup section */
		F50A4F84270C2D5A0004AF93 = {
			isa = PBXGroup;
			children = (
				F50A4F8F270C2D5A0004AF93 /* Repositories */,
				F50A4F8E270C2D5A0004AF93 /* Products */,
			);
			sourceTree = "<group>";
		};
		F50A4F8E270C2D5A0004AF93 /* Products */ = {
			isa = PBXGroup;
			children = (
				F50A4F8D270C2D5A0004AF93 /* Repositories.app */,
			);
			name = Products;
			sourceTree = "<group>";
		};
		F50A4F8F270C2D5A0004AF93 /* Repositories */ = {
			isa = PBXGroup;
			children = (
				F50A4FA4270C3A590004AF93 /* Startup */,
				F50A4FAF270C3F8A0004AF93 /* Service */,
				F50A4FC6270D531B0004AF93 /* Screens */,
				F50A4F99270C2D5D0004AF93 /* Assets.xcassets */,
			);
			path = Repositories;
			sourceTree = "<group>";
		};
		F50A4FA4270C3A590004AF93 /* Startup */ = {
			isa = PBXGroup;
			children = (
				F50A4F90270C2D5A0004AF93 /* AppDelegate.swift */,
				F50A4F9E270C2D5E0004AF93 /* Info.plist */,
				F50A4F9B270C2D5D0004AF93 /* LaunchScreen.storyboard */,
			);
			path = Startup;
			sourceTree = "<group>";
		};
		F50A4FAF270C3F8A0004AF93 /* Service */ = {
			isa = PBXGroup;
			children = (
				F50A4FB1270C3F8A0004AF93 /* DefaultService.swift */,
				F50A4FB4270C4EA70004AF93 /* SearchService.swift */,
				F50A4FB6270C50030004AF93 /* ServiceModel.swift */,
			);
			path = Service;
			sourceTree = "<group>";
		};
		F50A4FC6270D531B0004AF93 /* Screens */ = {
			isa = PBXGroup;
			children = (
				F50A4FC7270D534F0004AF93 /* Main */,
				F50A4FD1270D534F0004AF93 /* Web */,
			);
			path = Screens;
			sourceTree = "<group>";
		};
		F50A4FC7270D534F0004AF93 /* Main */ = {
			isa = PBXGroup;
			children = (
				F50A4FC8270D534F0004AF93 /* MainViewController.swift */,
				F50A4FC9270D534F0004AF93 /* Main.storyboard */,
				F50A4FCB270D534F0004AF93 /* MainRouter.swift */,
				F50A4FCC270D534F0004AF93 /* MainViewModel.swift */,
				F50A4FCD270D534F0004AF93 /* ListCell */,
				F50A4FD0270D534F0004AF93 /* MainModel.swift */,
			);
			path = Main;
			sourceTree = "<group>";
		};
		F50A4FCD270D534F0004AF93 /* ListCell */ = {
			isa = PBXGroup;
			children = (
				F50A4FCE270D534F0004AF93 /* ListTableViewCell.swift */,
				F50A4FCF270D534F0004AF93 /* ListTableViewCell.xib */,
			);
			path = ListCell;
			sourceTree = "<group>";
		};
		F50A4FD1270D534F0004AF93 /* Web */ = {
			isa = PBXGroup;
			children = (
				F50A4FD2270D534F0004AF93 /* Web.storyboard */,
				F50A4FD3270D534F0004AF93 /* WebViewController.swift */,
				F50A4FD4270D534F0004AF93 /* WebViewModel.swift */,
			);
			path = Web;
			sourceTree = "<group>";
		};
/* End PBXGroup section */

/* Begin PBXNativeTarget section */
		F50A4F8C270C2D5A0004AF93 /* Repositories */ = {
			isa = PBXNativeTarget;
			buildConfigurationList = F50A4FA1270C2D5E0004AF93 /* Build configuration list for PBXNativeTarget "Repositories" */;
			buildPhases = (
				F50A4F89270C2D5A0004AF93 /* Sources */,
				F50A4F8A270C2D5A0004AF93 /* Frameworks */,
				F50A4F8B270C2D5A0004AF93 /* Resources */,
			);
			buildRules = (
			);
			dependencies = (
			);
			name = Repositories;
			productName = Repositories;
			productReference = F50A4F8D270C2D5A0004AF93 /* Repositories.app */;
			productType = "com.apple.product-type.application";
		};
/* End PBXNativeTarget section */

/* Begin PBXProject section */
		F50A4F85270C2D5A0004AF93 /* Project object */ = {
			isa = PBXProject;
			attributes = {
				LastSwiftUpdateCheck = 1250;
				LastUpgradeCheck = 1250;
				TargetAttributes = {
					F50A4F8C270C2D5A0004AF93 = {
						CreatedOnToolsVersion = 12.5.1;
					};
				};
			};
			buildConfigurationList = F50A4F88270C2D5A0004AF93 /* Build configuration list for PBXProject "Repositories" */;
			compatibilityVersion = "Xcode 9.3";
			developmentRegion = en;
			hasScannedForEncodings = 0;
			knownRegions = (
				en,
				Base,
			);
			mainGroup = F50A4F84270C2D5A0004AF93;
			productRefGroup = F50A4F8E270C2D5A0004AF93 /* Products */;
			projectDirPath = "";
			projectRoot = "";
			targets = (
				F50A4F8C270C2D5A0004AF93 /* Repositories */,
			);
		};
/* End PBXProject section */

/* Begin PBXResourcesBuildPhase section */
		F50A4F8B270C2D5A0004AF93 /* Resources */ = {
			isa = PBXResourcesBuildPhase;
			buildActionMask = 2147483647;
			files = (
				F50A4FD6270D534F0004AF93 /* Main.storyboard in Resources */,
				F50A4FDA270D534F0004AF93 /* ListTableViewCell.xib in Resources */,
				F50A4FDC270D534F0004AF93 /* Web.storyboard in Resources */,
				F50A4F9D270C2D5D0004AF93 /* LaunchScreen.storyboard in Resources */,
				F50A4F9A270C2D5D0004AF93 /* Assets.xcassets in Resources */,
			);
			runOnlyForDeploymentPostprocessing = 0;
		};
/* End PBXResourcesBuildPhase section */

/* Begin PBXSourcesBuildPhase section */
		F50A4F89270C2D5A0004AF93 /* Sources */ = {
			isa = PBXSourcesBuildPhase;
			buildActionMask = 2147483647;
			files = (
				F50A4FD8270D534F0004AF93 /* MainViewModel.swift in Sources */,
				F50A4FD9270D534F0004AF93 /* ListTableViewCell.swift in Sources */,
				F50A4FB3270C3F8A0004AF93 /* DefaultService.swift in Sources */,
				F50A4FDD270D534F0004AF93 /* WebViewController.swift in Sources */,
				F50A4F91270C2D5A0004AF93 /* AppDelegate.swift in Sources */,
				F50A4FB5270C4EA70004AF93 /* SearchService.swift in Sources */,
				F50A4FDB270D534F0004AF93 /* MainModel.swift in Sources */,
				F50A4FDE270D534F0004AF93 /* WebViewModel.swift in Sources */,
				F50A4FB7270C50030004AF93 /* ServiceModel.swift in Sources */,
				F50A4FD5270D534F0004AF93 /* MainViewController.swift in Sources */,
				F50A4FD7270D534F0004AF93 /* MainRouter.swift in Sources */,
			);
			runOnlyForDeploymentPostprocessing = 0;
		};
/* End PBXSourcesBuildPhase section */

/* Begin PBXVariantGroup section */
		F50A4F9B270C2D5D0004AF93 /* LaunchScreen.storyboard */ = {
			isa = PBXVariantGroup;
			children = (
				F50A4F9C270C2D5D0004AF93 /* Base */,
			);
			name = LaunchScreen.storyboard;
			sourceTree = "<group>";
		};
		F50A4FC9270D534F0004AF93 /* Main.storyboard */ = {
			isa = PBXVariantGroup;
			children = (
				F50A4FCA270D534F0004AF93 /* Base */,
			);
			name = Main.storyboard;
			sourceTree = "<group>";
		};
/* End PBXVariantGroup section */

/* Begin XCBuildConfiguration section */
		F50A4F9F270C2D5E0004AF93 /* Debug */ = {
			isa = XCBuildConfiguration;
			buildSettings = {
				ALWAYS_SEARCH_USER_PATHS = NO;
				CLANG_ANALYZER_NONNULL = YES;
				CLANG_ANALYZER_NUMBER_OBJECT_CONVERSION = YES_AGGRESSIVE;
				CLANG_CXX_LANGUAGE_STANDARD = "gnu++14";
				CLANG_CXX_LIBRARY = "libc++";
				CLANG_ENABLE_MODULES = YES;
				CLANG_ENABLE_OBJC_ARC = YES;
				CLANG_ENABLE_OBJC_WEAK = YES;
				CLANG_WARN_BLOCK_CAPTURE_AUTORELEASING = YES;
				CLANG_WARN_BOOL_CONVERSION = YES;
				CLANG_WARN_COMMA = YES;
				CLANG_WARN_CONSTANT_CONVERSION = YES;
				CLANG_WARN_DEPRECATED_OBJC_IMPLEMENTATIONS = YES;
				CLANG_WARN_DIRECT_OBJC_ISA_USAGE = YES_ERROR;
				CLANG_WARN_DOCUMENTATION_COMMENTS = YES;
				CLANG_WARN_EMPTY_BODY = YES;
				CLANG_WARN_ENUM_CONVERSION = YES;
				CLANG_WARN_INFINITE_RECURSION = YES;
				CLANG_WARN_INT_CONVERSION = YES;
				CLANG_WARN_NON_LITERAL_NULL_CONVERSION = YES;
				CLANG_WARN_OBJC_IMPLICIT_RETAIN_SELF = YES;
				CLANG_WARN_OBJC_LITERAL_CONVERSION = YES;
				CLANG_WARN_OBJC_ROOT_CLASS = YES_ERROR;
				CLANG_WARN_QUOTED_INCLUDE_IN_FRAMEWORK_HEADER = YES;
				CLANG_WARN_RANGE_LOOP_ANALYSIS = YES;
				CLANG_WARN_STRICT_PROTOTYPES = YES;
				CLANG_WARN_SUSPICIOUS_MOVE = YES;
				CLANG_WARN_UNGUARDED_AVAILABILITY = YES_AGGRESSIVE;
				CLANG_WARN_UNREACHABLE_CODE = YES;
				CLANG_WARN__DUPLICATE_METHOD_MATCH = YES;
				COPY_PHASE_STRIP = NO;
				DEBUG_INFORMATION_FORMAT = dwarf;
				ENABLE_STRICT_OBJC_MSGSEND = YES;
				ENABLE_TESTABILITY = YES;
				GCC_C_LANGUAGE_STANDARD = gnu11;
				GCC_DYNAMIC_NO_PIC = NO;
				GCC_NO_COMMON_BLOCKS = YES;
				GCC_OPTIMIZATION_LEVEL = 0;
				GCC_PREPROCESSOR_DEFINITIONS = (
					"DEBUG=1",
					"$(inherited)",
				);
				GCC_WARN_64_TO_32_BIT_CONVERSION = YES;
				GCC_WARN_ABOUT_RETURN_TYPE = YES_ERROR;
				GCC_WARN_UNDECLARED_SELECTOR = YES;
				GCC_WARN_UNINITIALIZED_AUTOS = YES_AGGRESSIVE;
				GCC_WARN_UNUSED_FUNCTION = YES;
				GCC_WARN_UNUSED_VARIABLE = YES;
				IPHONEOS_DEPLOYMENT_TARGET = 14.5;
				MTL_ENABLE_DEBUG_INFO = INCLUDE_SOURCE;
				MTL_FAST_MATH = YES;
				ONLY_ACTIVE_ARCH = YES;
				SDKROOT = iphoneos;
				SWIFT_ACTIVE_COMPILATION_CONDITIONS = DEBUG;
				SWIFT_OPTIMIZATION_LEVEL = "-Onone";
			};
			name = Debug;
		};
		F50A4FA0270C2D5E0004AF93 /* Release */ = {
			isa = XCBuildConfiguration;
			buildSettings = {
				ALWAYS_SEARCH_USER_PATHS = NO;
				CLANG_ANALYZER_NONNULL = YES;
				CLANG_ANALYZER_NUMBER_OBJECT_CONVERSION = YES_AGGRESSIVE;
				CLANG_CXX_LANGUAGE_STANDARD = "gnu++14";
				CLANG_CXX_LIBRARY = "libc++";
				CLANG_ENABLE_MODULES = YES;
				CLANG_ENABLE_OBJC_ARC = YES;
				CLANG_ENABLE_OBJC_WEAK = YES;
				CLANG_WARN_BLOCK_CAPTURE_AUTORELEASING = YES;
				CLANG_WARN_BOOL_CONVERSION = YES;
				CLANG_WARN_COMMA = YES;
				CLANG_WARN_CONSTANT_CONVERSION = YES;
				CLANG_WARN_DEPRECATED_OBJC_IMPLEMENTATIONS = YES;
				CLANG_WARN_DIRECT_OBJC_ISA_USAGE = YES_ERROR;
				CLANG_WARN_DOCUMENTATION_COMMENTS = YES;
				CLANG_WARN_EMPTY_BODY = YES;
				CLANG_WARN_ENUM_CONVERSION = YES;
				CLANG_WARN_INFINITE_RECURSION = YES;
				CLANG_WARN_INT_CONVERSION = YES;
				CLANG_WARN_NON_LITERAL_NULL_CONVERSION = YES;
				CLANG_WARN_OBJC_IMPLICIT_RETAIN_SELF = YES;
				CLANG_WARN_OBJC_LITERAL_CONVERSION = YES;
				CLANG_WARN_OBJC_ROOT_CLASS = YES_ERROR;
				CLANG_WARN_QUOTED_INCLUDE_IN_FRAMEWORK_HEADER = YES;
				CLANG_WARN_RANGE_LOOP_ANALYSIS = YES;
				CLANG_WARN_STRICT_PROTOTYPES = YES;
				CLANG_WARN_SUSPICIOUS_MOVE = YES;
				CLANG_WARN_UNGUARDED_AVAILABILITY = YES_AGGRESSIVE;
				CLANG_WARN_UNREACHABLE_CODE = YES;
				CLANG_WARN__DUPLICATE_METHOD_MATCH = YES;
				COPY_PHASE_STRIP = NO;
				DEBUG_INFORMATION_FORMAT = "dwarf-with-dsym";
				ENABLE_NS_ASSERTIONS = NO;
				ENABLE_STRICT_OBJC_MSGSEND = YES;
				GCC_C_LANGUAGE_STANDARD = gnu11;
				GCC_NO_COMMON_BLOCKS = YES;
				GCC_WARN_64_TO_32_BIT_CONVERSION = YES;
				GCC_WARN_ABOUT_RETURN_TYPE = YES_ERROR;
				GCC_WARN_UNDECLARED_SELECTOR = YES;
				GCC_WARN_UNINITIALIZED_AUTOS = YES_AGGRESSIVE;
				GCC_WARN_UNUSED_FUNCTION = YES;
				GCC_WARN_UNUSED_VARIABLE = YES;
				IPHONEOS_DEPLOYMENT_TARGET = 14.5;
				MTL_ENABLE_DEBUG_INFO = NO;
				MTL_FAST_MATH = YES;
				SDKROOT = iphoneos;
				SWIFT_COMPILATION_MODE = wholemodule;
				SWIFT_OPTIMIZATION_LEVEL = "-O";
				VALIDATE_PRODUCT = YES;
			};
			name = Release;
		};
		F50A4FA2270C2D5E0004AF93 /* Debug */ = {
			isa = XCBuildConfiguration;
			buildSettings = {
				ASSETCATALOG_COMPILER_APPICON_NAME = AppIcon;
				ASSETCATALOG_COMPILER_GLOBAL_ACCENT_COLOR_NAME = AccentColor;
				CODE_SIGN_IDENTITY = "Apple Development";
				CODE_SIGN_STYLE = Automatic;
				DEVELOPMENT_TEAM = "";
				INFOPLIST_FILE = Repositories/Startup/Info.plist;
				LD_RUNPATH_SEARCH_PATHS = (
					"$(inherited)",
					"@executable_path/Frameworks",
				);
				PRODUCT_BUNDLE_IDENTIFIER = com.test.Repositories;
				PRODUCT_NAME = "$(TARGET_NAME)";
				PROVISIONING_PROFILE_SPECIFIER = "";
				SWIFT_VERSION = 5.0;
				TARGETED_DEVICE_FAMILY = "1,2";
			};
			name = Debug;
		};
		F50A4FA3270C2D5E0004AF93 /* Release */ = {
			isa = XCBuildConfiguration;
			buildSettings = {
				ASSETCATALOG_COMPILER_APPICON_NAME = AppIcon;
				ASSETCATALOG_COMPILER_GLOBAL_ACCENT_COLOR_NAME = AccentColor;
				CODE_SIGN_IDENTITY = "Apple Development";
				CODE_SIGN_STYLE = Automatic;
				DEVELOPMENT_TEAM = "";
				INFOPLIST_FILE = Repositories/Startup/Info.plist;
				LD_RUNPATH_SEARCH_PATHS = (
					"$(inherited)",
					"@executable_path/Frameworks",
				);
				PRODUCT_BUNDLE_IDENTIFIER = com.test.Repositories;
				PRODUCT_NAME = "$(TARGET_NAME)";
				PROVISIONING_PROFILE_SPECIFIER = "";
				SWIFT_VERSION = 5.0;
				TARGETED_DEVICE_FAMILY = "1,2";
			};
			name = Release;
		};
/* End XCBuildConfiguration section */

/* Begin XCConfigurationList section */
		F50A4F88270C2D5A0004AF93 /* Build configuration list for PBXProject "Repositories" */ = {
			isa = XCConfigurationList;
			buildConfigurations = (
				F50A4F9F270C2D5E0004AF93 /* Debug */,
				F50A4FA0270C2D5E0004AF93 /* Release */,
			);
			defaultConfigurationIsVisible = 0;
			defaultConfigurationName = Release;
		};
		F50A4FA1270C2D5E0004AF93 /* Build configuration list for PBXNativeTarget "Repositories" */ = {
			isa = XCConfigurationList;
			buildConfigurations = (
				F50A4FA2270C2D5E0004AF93 /* Debug */,
				F50A4FA3270C2D5E0004AF93 /* Release */,
			);
			defaultConfigurationIsVisible = 0;
			defaultConfigurationName = Release;
		};
/* End XCConfigurationList section */
	};
	rootObject = F50A4F85270C2D5A0004AF93 /* Project object */;
}
